
Microsoft Visual Studio Solution File, Format Version 12.00
# Visual Studio Version 16
VisualStudioVersion = 16.0.29009.5
MinimumVisualStudioVersion = 10.0.40219.1
Project("{151D2E53-A2C4-4D7D-83FE-D05416EBD58E}") = "AzureResourceGroup4", "AzureResourceGroup4\AzureResourceGroup4.deployproj", "{36127964-EA24-4BA1-BE9E-0463CA689286}"
EndProject
Global
	GlobalSection(SolutionConfigurationPlatforms) = preSolution
		Debug|Any CPU = Debug|Any CPU
		Release|Any CPU = Release|Any CPU
	EndGlobalSection
	GlobalSection(ProjectConfigurationPlatforms) = postSolution
		{36127964-EA24-4BA1-BE9E-0463CA689286}.Debug|Any CPU.ActiveCfg = Debug|Any CPU
		{36127964-EA24-4BA1-BE9E-0463CA689286}.Debug|Any CPU.Build.0 = Debug|Any CPU
		{36127964-EA24-4BA1-BE9E-0463CA689286}.Release|Any CPU.ActiveCfg = Release|Any CPU
		{36127964-EA24-4BA1-BE9E-0463CA689286}.Release|Any CPU.Build.0 = Release|Any CPU
	EndGlobalSection
	GlobalSection(SolutionProperties) = preSolution
		HideSolutionNode = FALSE
	EndGlobalSection
	GlobalSection(ExtensibilityGlobals) = postSolution
		SolutionGuid = {D74CE859-3F80-48EF-A922-1D5065F5ED76}
	EndGlobalSection
EndGlobal
